lockfileVersion: '6.0'

settings:
  autoInstallPeers: true
  excludeLinksFromLockfile: false

devDependencies:
  '@swc/core':
    specifier: ^1.4.13
    version: 1.4.13(@swc/helpers@0.5.8)
  '@swc/jest':
    specifier: ^0.2.36
    version: 0.2.36(@swc/core@1.4.13)
  '@types/jest':
    specifier: ^29.5.12
    version: 29.5.12
  '@types/node':
    specifier: ^20.12.7
    version: 20.12.7
  bunchee:
    specifier: ^5.1.2
    version: 5.1.2(typescript@5.4.4)
  prettier:
    specifier: ^3.2.5
    version: 3.2.5
  typescript:
    specifier: ^5.4.4
    version: 5.4.4

packages:

  /@babel/code-frame@7.24.2:
    resolution: {integrity: sha512-y5+tLQyV8pg3fsiln67BVLD1P13Eg4lh5RW9mF0zUuvLrv9uIQ4MCL+CRT+FTsBlBjcIan6PGsLcBN0m3ClUyQ==}
    engines: {node: '>=6.9.0'}
    requiresBuild: true
    dependencies:
      '@babel/highlight': 7.24.2
      picocolors: 1.0.0
    dev: true

  /@babel/helper-validator-identifier@7.22.20:
    resolution: {integrity: sha512-Y4OZ+ytlatR8AI+8KZfKuL5urKp7qey08ha31L8b3BwewJAoJamTzyvxPR/5D+KkdJCGPq/+8TukHBlY10FX9A==}
    engines: {node: '>=6.9.0'}
    requiresBuild: true
    dev: true

  /@babel/highlight@7.24.2:
    resolution: {integrity: sha512-Yac1ao4flkTxTteCDZLEvdxg2fZfz1v8M4QpaGypq/WPDqg3ijHYbDfs+LG5hvzSoqaSZ9/Z9lKSP3CjZjv+pA==}
    engines: {node: '>=6.9.0'}
    requiresBuild: true
    dependencies:
      '@babel/helper-validator-identifier': 7.22.20
      chalk: 2.4.2
      js-tokens: 4.0.0
      picocolors: 1.0.0
    dev: true

  /@fastify/deepmerge@1.3.0:
    resolution: {integrity: sha512-J8TOSBq3SoZbDhM9+R/u77hP93gz/rajSA+K2kGyijPpORPWUXHUpTaleoj+92As0S9uPRP7Oi8IqMf0u+ro6A==}
    dev: true

  /@jest/create-cache-key-function@29.7.0:
    resolution: {integrity: sha512-4QqS3LY5PBmTRHj9sAg1HLoPzqAI0uOX6wI/TRqHIcOxlFidy6YEmCQJk6FSZjNLGCeubDMfmkWL+qaLKhSGQA==}
    engines: {node: ^14.15.0 || ^16.10.0 || >=18.0.0}
    dependencies:
      '@jest/types': 29.6.3
    dev: true

  /@jest/expect-utils@29.7.0:
    resolution: {integrity: sha512-GlsNBWiFQFCVi9QVSx7f5AgMeLxe9YCCs5PuP2O2LdjDAA8Jh9eX7lA1Jq/xdXw3Wb3hyvlFNfZIfcRetSzYcA==}
    engines: {node: ^14.15.0 || ^16.10.0 || >=18.0.0}
    dependencies:
      jest-get-type: 29.6.3
    dev: true

  /@jest/schemas@29.6.3:
    resolution: {integrity: sha512-mo5j5X+jIZmJQveBKeS/clAueipV7KgiX1vMgCxam1RNYiqE1w62n0/tJJnHtjW8ZHcQco5gY85jA3mi0L+nSA==}
    engines: {node: ^14.15.0 || ^16.10.0 || >=18.0.0}
    dependencies:
      '@sinclair/typebox': 0.27.8
    dev: true

  /@jest/types@29.6.3:
    resolution: {integrity: sha512-u3UPsIilWKOM3F9CXtrG8LEJmNxwoCQC/XVj4IKYXvvpx7QIi/Kg1LI5uDmDpKlac62NUtX7eLjRh+jVZcLOzw==}
    engines: {node: ^14.15.0 || ^16.10.0 || >=18.0.0}
    dependencies:
      '@jest/schemas': 29.6.3
      '@types/istanbul-lib-coverage': 2.0.6
      '@types/istanbul-reports': 3.0.4
      '@types/node': 20.12.7
      '@types/yargs': 17.0.32
      chalk: 4.1.2
    dev: true

  /@jridgewell/sourcemap-codec@1.4.15:
    resolution: {integrity: sha512-eF2rxCRulEKXHTRiDrDy6erMYWqNw4LPdQ8UQA4huuxaQsVeRPFl2oM8oDGxMFhJUWZf9McpLtJasDDZb/Bpeg==}
    dev: true

  /@rollup/plugin-commonjs@25.0.7(rollup@4.14.1):
    resolution: {integrity: sha512-nEvcR+LRjEjsaSsc4x3XZfCCvZIaSMenZu/OiwOKGN2UhQpAYI7ru7czFvyWbErlpoGjnSX3D5Ch5FcMA3kRWQ==}
    engines: {node: '>=14.0.0'}
    peerDependencies:
      rollup: ^2.68.0||^3.0.0||^4.0.0
    peerDependenciesMeta:
      rollup:
        optional: true
    dependencies:
      '@rollup/pluginutils': 5.1.0(rollup@4.14.1)
      commondir: 1.0.1
      estree-walker: 2.0.2
      glob: 8.1.0
      is-reference: 1.2.1
      magic-string: 0.30.9
      rollup: 4.14.1
    dev: true

  /@rollup/plugin-json@6.1.0(rollup@4.14.1):
    resolution: {integrity: sha512-EGI2te5ENk1coGeADSIwZ7G2Q8CJS2sF120T7jLw4xFw9n7wIOXHo+kIYRAoVpJAN+kmqZSoO3Fp4JtoNF4ReA==}
    engines: {node: '>=14.0.0'}
    peerDependencies:
      rollup: ^1.20.0||^2.0.0||^3.0.0||^4.0.0
    peerDependenciesMeta:
      rollup:
        optional: true
    dependencies:
      '@rollup/pluginutils': 5.1.0(rollup@4.14.1)
      rollup: 4.14.1
    dev: true

  /@rollup/plugin-node-resolve@15.2.3(rollup@4.14.1):
    resolution: {integrity: sha512-j/lym8nf5E21LwBT4Df1VD6hRO2L2iwUeUmP7litikRsVp1H6NWx20NEp0Y7su+7XGc476GnXXc4kFeZNGmaSQ==}
    engines: {node: '>=14.0.0'}
    peerDependencies:
      rollup: ^2.78.0||^3.0.0||^4.0.0
    peerDependenciesMeta:
      rollup:
        optional: true
    dependencies:
      '@rollup/pluginutils': 5.1.0(rollup@4.14.1)
      '@types/resolve': 1.20.2
      deepmerge: 4.3.1
      is-builtin-module: 3.2.1
      is-module: 1.0.0
      resolve: 1.22.8
      rollup: 4.14.1
    dev: true

  /@rollup/plugin-replace@5.0.5(rollup@4.14.1):
    resolution: {integrity: sha512-rYO4fOi8lMaTg/z5Jb+hKnrHHVn8j2lwkqwyS4kTRhKyWOLf2wST2sWXr4WzWiTcoHTp2sTjqUbqIj2E39slKQ==}
    engines: {node: '>=14.0.0'}
    peerDependencies:
      rollup: ^1.20.0||^2.0.0||^3.0.0||^4.0.0
    peerDependenciesMeta:
      rollup:
        optional: true
    dependencies:
      '@rollup/pluginutils': 5.1.0(rollup@4.14.1)
      magic-string: 0.30.9
      rollup: 4.14.1
    dev: true

  /@rollup/plugin-wasm@6.2.2(rollup@4.14.1):
    resolution: {integrity: sha512-gpC4R1G9Ni92ZIRTexqbhX7U+9estZrbhP+9SRb0DW9xpB9g7j34r+J2hqrcW/lRI7dJaU84MxZM0Rt82tqYPQ==}
    engines: {node: '>=14.0.0'}
    peerDependencies:
      rollup: ^1.20.0||^2.0.0||^3.0.0||^4.0.0
    peerDependenciesMeta:
      rollup:
        optional: true
    dependencies:
      '@rollup/pluginutils': 5.1.0(rollup@4.14.1)
      rollup: 4.14.1
    dev: true

  /@rollup/pluginutils@5.1.0(rollup@4.14.1):
    resolution: {integrity: sha512-XTIWOPPcpvyKI6L1NHo0lFlCyznUEyPmPY1mc3KpPVDYulHSTvyeLNVW00QTLIAFNhR3kYnJTQHeGqU4M3n09g==}
    engines: {node: '>=14.0.0'}
    peerDependencies:
      rollup: ^1.20.0||^2.0.0||^3.0.0||^4.0.0
    peerDependenciesMeta:
      rollup:
        optional: true
    dependencies:
      '@types/estree': 1.0.5
      estree-walker: 2.0.2
      picomatch: 2.3.1
      rollup: 4.14.1
    dev: true

  /@rollup/rollup-android-arm-eabi@4.14.1:
    resolution: {integrity: sha512-fH8/o8nSUek8ceQnT7K4EQbSiV7jgkHq81m9lWZFIXjJ7lJzpWXbQFpT/Zh6OZYnpFykvzC3fbEvEAFZu03dPA==}
    cpu: [arm]
    os: [android]
    requiresBuild: true
    dev: true
    optional: true

  /@rollup/rollup-android-arm64@4.14.1:
    resolution: {integrity: sha512-Y/9OHLjzkunF+KGEoJr3heiD5X9OLa8sbT1lm0NYeKyaM3oMhhQFvPB0bNZYJwlq93j8Z6wSxh9+cyKQaxS7PQ==}
    cpu: [arm64]
    os: [android]
    requiresBuild: true
    dev: true
    optional: true

  /@rollup/rollup-darwin-arm64@4.14.1:
    resolution: {integrity: sha512-+kecg3FY84WadgcuSVm6llrABOdQAEbNdnpi5X3UwWiFVhZIZvKgGrF7kmLguvxHNQy+UuRV66cLVl3S+Rkt+Q==}
    cpu: [arm64]
    os: [darwin]
    requiresBuild: true
    dev: true
    optional: true

  /@rollup/rollup-darwin-x64@4.14.1:
    resolution: {integrity: sha512-2pYRzEjVqq2TB/UNv47BV/8vQiXkFGVmPFwJb+1E0IFFZbIX8/jo1olxqqMbo6xCXf8kabANhp5bzCij2tFLUA==}
    cpu: [x64]
    os: [darwin]
    requiresBuild: true
    dev: true
    optional: true

  /@rollup/rollup-linux-arm-gnueabihf@4.14.1:
    resolution: {integrity: sha512-mS6wQ6Do6/wmrF9aTFVpIJ3/IDXhg1EZcQFYHZLHqw6AzMBjTHWnCG35HxSqUNphh0EHqSM6wRTT8HsL1C0x5g==}
    cpu: [arm]
    os: [linux]
    requiresBuild: true
    dev: true
    optional: true

  /@rollup/rollup-linux-arm64-gnu@4.14.1:
    resolution: {integrity: sha512-p9rGKYkHdFMzhckOTFubfxgyIO1vw//7IIjBBRVzyZebWlzRLeNhqxuSaZ7kCEKVkm/kuC9fVRW9HkC/zNRG2w==}
    cpu: [arm64]
    os: [linux]
    requiresBuild: true
    dev: true
    optional: true

  /@rollup/rollup-linux-arm64-musl@4.14.1:
    resolution: {integrity: sha512-nDY6Yz5xS/Y4M2i9JLQd3Rofh5OR8Bn8qe3Mv/qCVpHFlwtZSBYSPaU4mrGazWkXrdQ98GB//H0BirGR/SKFSw==}
    cpu: [arm64]
    os: [linux]
    requiresBuild: true
    dev: true
    optional: true

  /@rollup/rollup-linux-powerpc64le-gnu@4.14.1:
    resolution: {integrity: sha512-im7HE4VBL+aDswvcmfx88Mp1soqL9OBsdDBU8NqDEYtkri0qV0THhQsvZtZeNNlLeCUQ16PZyv7cqutjDF35qw==}
    cpu: [ppc64le]
    os: [linux]
    requiresBuild: true
    dev: true
    optional: true

  /@rollup/rollup-linux-riscv64-gnu@4.14.1:
    resolution: {integrity: sha512-RWdiHuAxWmzPJgaHJdpvUUlDz8sdQz4P2uv367T2JocdDa98iRw2UjIJ4QxSyt077mXZT2X6pKfT2iYtVEvOFw==}
    cpu: [riscv64]
    os: [linux]
    requiresBuild: true
    dev: true
    optional: true

  /@rollup/rollup-linux-s390x-gnu@4.14.1:
    resolution: {integrity: sha512-VMgaGQ5zRX6ZqV/fas65/sUGc9cPmsntq2FiGmayW9KMNfWVG/j0BAqImvU4KTeOOgYSf1F+k6at1UfNONuNjA==}
    cpu: [s390x]
    os: [linux]
    requiresBuild: true
    dev: true
    optional: true

  /@rollup/rollup-linux-x64-gnu@4.14.1:
    resolution: {integrity: sha512-9Q7DGjZN+hTdJomaQ3Iub4m6VPu1r94bmK2z3UeWP3dGUecRC54tmVu9vKHTm1bOt3ASoYtEz6JSRLFzrysKlA==}
    cpu: [x64]
    os: [linux]
    requiresBuild: true
    dev: true
    optional: true

  /@rollup/rollup-linux-x64-musl@4.14.1:
    resolution: {integrity: sha512-JNEG/Ti55413SsreTguSx0LOVKX902OfXIKVg+TCXO6Gjans/k9O6ww9q3oLGjNDaTLxM+IHFMeXy/0RXL5R/g==}
    cpu: [x64]
    os: [linux]
    requiresBuild: true
    dev: true
    optional: true

  /@rollup/rollup-win32-arm64-msvc@4.14.1:
    resolution: {integrity: sha512-ryS22I9y0mumlLNwDFYZRDFLwWh3aKaC72CWjFcFvxK0U6v/mOkM5Up1bTbCRAhv3kEIwW2ajROegCIQViUCeA==}
    cpu: [arm64]
    os: [win32]
    requiresBuild: true
    dev: true
    optional: true

  /@rollup/rollup-win32-ia32-msvc@4.14.1:
    resolution: {integrity: sha512-TdloItiGk+T0mTxKx7Hp279xy30LspMso+GzQvV2maYePMAWdmrzqSNZhUpPj3CGw12aGj57I026PgLCTu8CGg==}
    cpu: [ia32]
    os: [win32]
    requiresBuild: true
    dev: true
    optional: true

  /@rollup/rollup-win32-x64-msvc@4.14.1:
    resolution: {integrity: sha512-wQGI+LY/Py20zdUPq+XCem7JcPOyzIJBm3dli+56DJsQOHbnXZFEwgmnC6el1TPAfC8lBT3m+z69RmLykNUbew==}
    cpu: [x64]
    os: [win32]
    requiresBuild: true
    dev: true
    optional: true

  /@sinclair/typebox@0.27.8:
    resolution: {integrity: sha512-+Fj43pSMwJs4KRrH/938Uf+uAELIgVBmQzg/q1YG10djyfA3TnrU8N8XzqCh/okZdszqBQTZf96idMfE5lnwTA==}
    dev: true

  /@swc/core-darwin-arm64@1.4.13:
    resolution: {integrity: sha512-36P72FLpm5iq85IvoEjBvi22DiqkkEIanJ1M0E8bkxcFHUbjBrYfPY9T6cpPyK5oQqkaTBvNAc3j1BlVD6IH6w==}
    engines: {node: '>=10'}
    cpu: [arm64]
    os: [darwin]
    requiresBuild: true
    dev: true
    optional: true

  /@swc/core-darwin-x64@1.4.13:
    resolution: {integrity: sha512-ye7OgKpDdyA8AMIVVdmD1ICDaFXgoEXORnVO8bBHyul0WN71yUBZMX+YxEx2lpWtiftA2vY/1MAuOR80vHkBCw==}
    engines: {node: '>=10'}
    cpu: [x64]
    os: [darwin]
    requiresBuild: true
    dev: true
    optional: true

  /@swc/core-linux-arm-gnueabihf@1.4.13:
    resolution: {integrity: sha512-+x593Jlmu4c3lJtZUKRejWpV2MAij1Js5nmQLLdjo6ChR2D4B2rzj3iMiKn5gITew7fraF9t3fvXALdWh7HmUg==}
    engines: {node: '>=10'}
    cpu: [arm]
    os: [linux]
    requiresBuild: true
    dev: true
    optional: true

  /@swc/core-linux-arm64-gnu@1.4.13:
    resolution: {integrity: sha512-0x8OVw4dfyNerrs/9eZX9wNnmvwbwXSMCi+LbE6Xt1pXOIwvoLtFIXcV3NsrlkFboO3sr5UAQIwDxKqbIZA9pQ==}
    engines: {node: '>=10'}
    cpu: [arm64]
    os: [linux]
    requiresBuild: true
    dev: true
    optional: true

  /@swc/core-linux-arm64-musl@1.4.13:
    resolution: {integrity: sha512-Z9c4JiequtZvngPcxbCuAOkmWBxi2vInZbjjhD5I+Q9oiJdXUz1t2USGwsGPS41Xvk1BOA3ecK2Sn1ilY3titg==}
    engines: {node: '>=10'}
    cpu: [arm64]
    os: [linux]
    requiresBuild: true
    dev: true
    optional: true

  /@swc/core-linux-x64-gnu@1.4.13:
    resolution: {integrity: sha512-ChatHtk+vX0Ke5QG+jO+rIapw/KwZsi9MedCBHFXHH6iWF4z8d51cJeN68ykcn+vAXzjNeFNdlNy5Vbkd1zAqg==}
    engines: {node: '>=10'}
    cpu: [x64]
    os: [linux]
    requiresBuild: true
    dev: true
    optional: true

  /@swc/core-linux-x64-musl@1.4.13:
    resolution: {integrity: sha512-0Pz39YR530mXpsztwQkmEKdkkZy4fY4Smdh4pkm6Ly8Nndyo0te/l4bcAGqN24Jp7aVwF/QSy14SAtw4HRjU9g==}
    engines: {node: '>=10'}
    cpu: [x64]
    os: [linux]
    requiresBuild: true
    dev: true
    optional: true

  /@swc/core-win32-arm64-msvc@1.4.13:
    resolution: {integrity: sha512-LVZfhlD+jHcAbz5NN+gAJ1BEasB0WpcvUzcsJt0nQSRsojgzPzFjJ+fzEBnvT7SMtqKkrnVJ0OmDYeh88bDRpw==}
    engines: {node: '>=10'}
    cpu: [arm64]
    os: [win32]
    requiresBuild: true
    dev: true
    optional: true

  /@swc/core-win32-ia32-msvc@1.4.13:
    resolution: {integrity: sha512-78hxHWUvUZtWsnhcf8DKwhBcNFJw+j4y4fN2B9ioXmBWX2tIyw+BqUHOrismOtjPihaZmwe/Ok2e4qmkawE2fw==}
    engines: {node: '>=10'}
    cpu: [ia32]
    os: [win32]
    requiresBuild: true
    dev: true
    optional: true

  /@swc/core-win32-x64-msvc@1.4.13:
    resolution: {integrity: sha512-WSfy1u2Xde6jU7UpHIInCUMW98Zw9iZglddKUAvmr1obkZji5U6EX0Oca3asEJdZPFb+2lMLjt0Mh5a1YisROg==}
    engines: {node: '>=10'}
    cpu: [x64]
    os: [win32]
    requiresBuild: true
    dev: true
    optional: true

  /@swc/core@1.4.13(@swc/helpers@0.5.8):
    resolution: {integrity: sha512-rOtusBE+2gaeRkAJn5E4zp5yzZekZOypzSOz5ZG6P1hFbd+Cc26fWEdK6sUSnrkkvTd0Oj33KXLB/4UkbK/UHA==}
    engines: {node: '>=10'}
    requiresBuild: true
    peerDependencies:
      '@swc/helpers': ^0.5.0
    peerDependenciesMeta:
      '@swc/helpers':
        optional: true
    dependencies:
      '@swc/counter': 0.1.3
      '@swc/helpers': 0.5.8
      '@swc/types': 0.1.6
    optionalDependencies:
      '@swc/core-darwin-arm64': 1.4.13
      '@swc/core-darwin-x64': 1.4.13
      '@swc/core-linux-arm-gnueabihf': 1.4.13
      '@swc/core-linux-arm64-gnu': 1.4.13
      '@swc/core-linux-arm64-musl': 1.4.13
      '@swc/core-linux-x64-gnu': 1.4.13
      '@swc/core-linux-x64-musl': 1.4.13
      '@swc/core-win32-arm64-msvc': 1.4.13
      '@swc/core-win32-ia32-msvc': 1.4.13
      '@swc/core-win32-x64-msvc': 1.4.13
    dev: true

  /@swc/counter@0.1.3:
    resolution: {integrity: sha512-e2BR4lsJkkRlKZ/qCHPw9ZaSxc0MVUd7gtbtaB7aMvHeJVYe8sOB8DBZkP2DtISHGSku9sCK6T6cnY0CtXrOCQ==}
    dev: true

  /@swc/helpers@0.5.8:
    resolution: {integrity: sha512-lruDGw3pnfM3wmZHeW7JuhkGQaJjPyiKjxeGhdmfoOT53Ic9qb5JLDNaK2HUdl1zLDeX28H221UvKjfdvSLVMg==}
    dependencies:
      tslib: 2.6.2
    dev: true

  /@swc/jest@0.2.36(@swc/core@1.4.13):
    resolution: {integrity: sha512-8X80dp81ugxs4a11z1ka43FPhP+/e+mJNXJSxiNYk8gIX/jPBtY4gQTrKu/KIoco8bzKuPI5lUxjfLiGsfvnlw==}
    engines: {npm: '>= 7.0.0'}
    peerDependencies:
      '@swc/core': '*'
    dependencies:
      '@jest/create-cache-key-function': 29.7.0
      '@swc/core': 1.4.13(@swc/helpers@0.5.8)
      '@swc/counter': 0.1.3
      jsonc-parser: 3.2.1
    dev: true

  /@swc/types@0.1.6:
    resolution: {integrity: sha512-/JLo/l2JsT/LRd80C3HfbmVpxOAJ11FO2RCEslFrgzLltoP9j8XIbsyDcfCt2WWyX+CM96rBoNM+IToAkFOugg==}
    dependencies:
      '@swc/counter': 0.1.3
    dev: true

  /@types/estree@1.0.5:
    resolution: {integrity: sha512-/kYRxGDLWzHOB7q+wtSUQlFrtcdUccpfy+X+9iMBpHK8QLLhx2wIPYuS5DYtR9Wa/YlZAbIovy7qVdB1Aq6Lyw==}
    dev: true

  /@types/istanbul-lib-coverage@2.0.6:
    resolution: {integrity: sha512-2QF/t/auWm0lsy8XtKVPG19v3sSOQlJe/YHZgfjb/KBBHOGSV+J2q/S671rcq9uTBrLAXmZpqJiaQbMT+zNU1w==}
    dev: true

  /@types/istanbul-lib-report@3.0.3:
    resolution: {integrity: sha512-NQn7AHQnk/RSLOxrBbGyJM/aVQ+pjj5HCgasFxc0K/KhoATfQ/47AyUl15I2yBUpihjmas+a+VJBOqecrFH+uA==}
    dependencies:
      '@types/istanbul-lib-coverage': 2.0.6
    dev: true

  /@types/istanbul-reports@3.0.4:
    resolution: {integrity: sha512-pk2B1NWalF9toCRu6gjBzR69syFjP4Od8WRAX+0mmf9lAjCRicLOWc+ZrxZHx/0XRjotgkF9t6iaMJ+aXcOdZQ==}
    dependencies:
      '@types/istanbul-lib-report': 3.0.3
    dev: true

  /@types/jest@29.5.12:
    resolution: {integrity: sha512-eDC8bTvT/QhYdxJAulQikueigY5AsdBRH2yDKW3yveW7svY3+DzN84/2NUgkw10RTiJbWqZrTtoGVdYlvFJdLw==}
    dependencies:
      expect: 29.7.0
      pretty-format: 29.7.0
    dev: true

  /@types/node@20.12.7:
    resolution: {integrity: sha512-wq0cICSkRLVaf3UGLMGItu/PtdY7oaXaI/RVU+xliKVOtRna3PRY57ZDfztpDL0n11vfymMUnXv8QwYCO7L1wg==}
    dependencies:
      undici-types: 5.26.5
    dev: true

  /@types/resolve@1.20.2:
    resolution: {integrity: sha512-60BCwRFOZCQhDncwQdxxeOEEkbc5dIMccYLwbxsS4TUNeVECQ/pBJ0j09mrHOl/JJvpRPGwO9SvE4nR2Nb/a4Q==}
    dev: true

  /@types/stack-utils@2.0.3:
    resolution: {integrity: sha512-9aEbYZ3TbYMznPdcdr3SmIrLXwC/AKZXQeCf9Pgao5CKb8CyHuEX5jzWPTkvregvhRJHcpRO6BFoGW9ycaOkYw==}
    dev: true

  /@types/yargs-parser@21.0.3:
    resolution: {integrity: sha512-I4q9QU9MQv4oEOz4tAHJtNz1cwuLxn2F3xcc2iV5WdqLPpUnj30aUuxt1mAxYTG+oe8CZMV/+6rU4S4gRDzqtQ==}
    dev: true

  /@types/yargs@17.0.32:
    resolution: {integrity: sha512-xQ67Yc/laOG5uMfX/093MRlGGCIBzZMarVa+gfNKJxWAIgykYpVGkBdbqEzGDDfCrVUj6Hiff4mTZ5BA6TmAog==}
    dependencies:
      '@types/yargs-parser': 21.0.3
    dev: true

  /ansi-styles@3.2.1:
    resolution: {integrity: sha512-VT0ZI6kZRdTh8YyJw3SMbYm/u+NqfsAxEpWO0Pf9sq8/e94WxxOpPKx9FR1FlyCtOVDNOQ+8ntlqFxiRc+r5qA==}
    engines: {node: '>=4'}
    requiresBuild: true
    dependencies:
      color-convert: 1.9.3
    dev: true

  /ansi-styles@4.3.0:
    resolution: {integrity: sha512-zbB9rCJAT1rbjiVDb2hqKFHNYLxgtk8NURxZ3IZwD3F6NtxbXZQCnnSi1Lkx+IDohdPlFp222wVALIheZJQSEg==}
    engines: {node: '>=8'}
    dependencies:
      color-convert: 2.0.1
    dev: true

  /ansi-styles@5.2.0:
    resolution: {integrity: sha512-Cxwpt2SfTzTtXcfOlzGEee8O+c+MmUgGrNiBcXnuWxuFJHe6a5Hz7qwhwe5OgaSYI0IJvkLqWX1ASG+cJOkEiA==}
    engines: {node: '>=10'}
    dev: true

  /arg@5.0.2:
    resolution: {integrity: sha512-PYjyFOLKQ9y57JvQ6QLo8dAgNqswh8M1RMJYdQduT6xbWSgK36P/Z/v+p888pM69jMMfS8Xd8F6I1kQ/I9HUGg==}
    dev: true

  /balanced-match@1.0.2:
    resolution: {integrity: sha512-3oSeUO0TMV67hN1AmbXsK4yaqU7tjiHlbxRDZOpH0KW9+CeX4bRAaX0Anxt0tx2MrpRpWwQaPwIlISEJhYU5Pw==}
    dev: true

  /brace-expansion@2.0.1:
    resolution: {integrity: sha512-XnAIvQ8eM+kC6aULx6wuQiwVsnzsi9d3WxzV3FpWTGA19F621kwdbsAcFKXgKUHZWsy+mY6iL1sHTxWEFCytDA==}
    dependencies:
      balanced-match: 1.0.2
    dev: true

  /braces@3.0.2:
    resolution: {integrity: sha512-b8um+L1RzM3WDSzvhm6gIz1yfTbBt6YTlcEKAvsmqCZZFw46z626lVj9j1yEPW33H5H+lBQpZMP1k8l+78Ha0A==}
    engines: {node: '>=8'}
    dependencies:
      fill-range: 7.0.1
    dev: true

  /builtin-modules@3.3.0:
    resolution: {integrity: sha512-zhaCDicdLuWN5UbN5IMnFqNMhNfo919sH85y2/ea+5Yg9TsTkeZxpL+JLbp6cgYFS4sRLp3YV4S6yDuqVWHYOw==}
    engines: {node: '>=6'}
    dev: true

  /bunchee@5.1.2(typescript@5.4.4):
    resolution: {integrity: sha512-fOcub+z6CcCesKjVX82+B6wPTzQjtcHjrI1zcAc/acc5PRmI4fNsww7p20VxR8lctaXPrLnbuWeuhtSrZ311/Q==}
    engines: {node: '>= 18.0.0'}
    hasBin: true
    peerDependencies:
      typescript: ^4.1 || ^5.0
    peerDependenciesMeta:
      typescript:
        optional: true
    dependencies:
      '@rollup/plugin-commonjs': 25.0.7(rollup@4.14.1)
      '@rollup/plugin-json': 6.1.0(rollup@4.14.1)
      '@rollup/plugin-node-resolve': 15.2.3(rollup@4.14.1)
      '@rollup/plugin-replace': 5.0.5(rollup@4.14.1)
      '@rollup/plugin-wasm': 6.2.2(rollup@4.14.1)
      '@rollup/pluginutils': 5.1.0(rollup@4.14.1)
      '@swc/core': 1.4.13(@swc/helpers@0.5.8)
      '@swc/helpers': 0.5.8
      arg: 5.0.2
      clean-css: 5.3.3
      magic-string: 0.30.9
      pretty-bytes: 5.6.0
      rollup: 4.14.1
      rollup-plugin-dts: 6.1.0(rollup@4.14.1)(typescript@5.4.4)
      rollup-plugin-swc3: 0.11.0(@swc/core@1.4.13)(rollup@4.14.1)
      rollup-preserve-directives: 1.1.1(rollup@4.14.1)
      tslib: 2.6.2
      typescript: 5.4.4
    dev: true

  /chalk@2.4.2:
    resolution: {integrity: sha512-Mti+f9lpJNcwF4tWV8/OrTTtF1gZi+f8FqlyAdouralcFWFQWF2+NgCHShjkCb+IFBLq9buZwE1xckQU4peSuQ==}
    engines: {node: '>=4'}
    requiresBuild: true
    dependencies:
      ansi-styles: 3.2.1
      escape-string-regexp: 1.0.5
      supports-color: 5.5.0
    dev: true

  /chalk@4.1.2:
    resolution: {integrity: sha512-oKnbhFyRIXpUuez8iBMmyEa4nbj4IOQyuhc/wy9kY7/WVPcwIO9VA668Pu8RkO7+0G76SLROeyw9CpQ061i4mA==}
    engines: {node: '>=10'}
    dependencies:
      ansi-styles: 4.3.0
      supports-color: 7.2.0
    dev: true

  /ci-info@3.9.0:
    resolution: {integrity: sha512-NIxF55hv4nSqQswkAeiOi1r83xy8JldOFDTWiug55KBu9Jnblncd2U6ViHmYgHf01TPZS77NJBhBMKdWj9HQMQ==}
    engines: {node: '>=8'}
    dev: true

  /clean-css@5.3.3:
    resolution: {integrity: sha512-D5J+kHaVb/wKSFcyyV75uCn8fiY4sV38XJoe4CUyGQ+mOU/fMVYUdH1hJC+CJQ5uY3EnW27SbJYS4X8BiLrAFg==}
    engines: {node: '>= 10.0'}
    dependencies:
      source-map: 0.6.1
    dev: true

  /color-convert@1.9.3:
    resolution: {integrity: sha512-QfAUtd+vFdAtFQcC8CCyYt1fYWxSqAiK2cSD6zDB8N3cpsEBAvRxp9zOGg6G/SHHJYAT88/az/IuDGALsNVbGg==}
    requiresBuild: true
    dependencies:
      color-name: 1.1.3
    dev: true

  /color-convert@2.0.1:
    resolution: {integrity: sha512-RRECPsj7iu/xb5oKYcsFHSppFNnsj/52OVTRKb4zP5onXwVF3zVmmToNcOfGC+CRDpfK/U584fMg38ZHCaElKQ==}
    engines: {node: '>=7.0.0'}
    dependencies:
      color-name: 1.1.4
    dev: true

  /color-name@1.1.3:
    resolution: {integrity: sha512-72fSenhMw2HZMTVHeCA9KCmpEIbzWiQsjN+BHcBbS9vr1mtt+vJjPdksIBNUmKAW8TFUDPJK5SUU3QhE9NEXDw==}
    requiresBuild: true
    dev: true

  /color-name@1.1.4:
    resolution: {integrity: sha512-dOy+3AuW3a2wNbZHIuMZpTcgjGuLU/uBL/ubcZF9OXbDo8ff4O8yVp5Bf0efS8uEoYo5q4Fx7dY9OgQGXgAsQA==}
    dev: true

  /commondir@1.0.1:
    resolution: {integrity: sha512-W9pAhw0ja1Edb5GVdIF1mjZw/ASI0AlShXM83UUGe2DVr5TdAPEA1OA8m/g8zWp9x6On7gqufY+FatDbC3MDQg==}
    dev: true

  /deepmerge@4.3.1:
    resolution: {integrity: sha512-3sUqbMEc77XqpdNO7FRyRog+eW3ph+GYCbj+rK+uYyRMuwsVy0rMiVtPn+QJlKFvWP/1PYpapqYn0Me2knFn+A==}
    engines: {node: '>=0.10.0'}
    dev: true

  /diff-sequences@29.6.3:
    resolution: {integrity: sha512-EjePK1srD3P08o2j4f0ExnylqRs5B9tJjcp9t1krH2qRi8CCdsYfwe9JgSLurFBWwq4uOlipzfk5fHNvwFKr8Q==}
    engines: {node: ^14.15.0 || ^16.10.0 || >=18.0.0}
    dev: true

  /escape-string-regexp@1.0.5:
    resolution: {integrity: sha512-vbRorB5FUQWvla16U8R/qgaFIya2qGzwDrNmCZuYKrbdSUMG6I1ZCGQRefkRVhuOkIGVne7BQ35DSfo1qvJqFg==}
    engines: {node: '>=0.8.0'}
    requiresBuild: true
    dev: true

  /escape-string-regexp@2.0.0:
    resolution: {integrity: sha512-UpzcLCXolUWcNu5HtVMHYdXJjArjsF9C0aNnquZYY4uW/Vu0miy5YoWvbV345HauVvcAUnpRuhMMcqTcGOY2+w==}
    engines: {node: '>=8'}
    dev: true

  /estree-walker@2.0.2:
    resolution: {integrity: sha512-Rfkk/Mp/DL7JVje3u18FxFujQlTNR2q6QfMSMB7AvCBx91NGj/ba3kCfza0f6dVDbw7YlRf/nDrn7pQrCCyQ/w==}
    dev: true

  /expect@29.7.0:
    resolution: {integrity: sha512-2Zks0hf1VLFYI1kbh0I5jP3KHHyCHpkfyHBzsSXRFgl/Bg9mWYfMW8oD+PdMPlEwy5HNsR9JutYy6pMeOh61nw==}
    engines: {node: ^14.15.0 || ^16.10.0 || >=18.0.0}
    dependencies:
      '@jest/expect-utils': 29.7.0
      jest-get-type: 29.6.3
      jest-matcher-utils: 29.7.0
      jest-message-util: 29.7.0
      jest-util: 29.7.0
    dev: true

  /fill-range@7.0.1:
    resolution: {integrity: sha512-qOo9F+dMUmC2Lcb4BbVvnKJxTPjCm+RRpe4gDuGrzkL7mEVl/djYSu2OdQ2Pa302N4oqkSg9ir6jaLWJ2USVpQ==}
    engines: {node: '>=8'}
    dependencies:
      to-regex-range: 5.0.1
    dev: true

  /fs.realpath@1.0.0:
    resolution: {integrity: sha512-OO0pH2lK6a0hZnAdau5ItzHPI6pUlvI7jMVnxUQRtw4owF2wk8lOSabtGDCTP4Ggrg2MbGnWO9X8K1t4+fGMDw==}
    dev: true

  /fsevents@2.3.3:
    resolution: {integrity: sha512-5xoDfX+fL7faATnagmWPpbFtwh/R77WmMMqqHGS65C3vvB0YHrgF+B1YmZ3441tMj5n63k0212XNoJwzlhffQw==}
    engines: {node: ^8.16.0 || ^10.6.0 || >=11.0.0}
    os: [darwin]
    requiresBuild: true
    dev: true
    optional: true

  /function-bind@1.1.2:
    resolution: {integrity: sha512-7XHNxH7qX9xG5mIwxkhumTox/MIRNcOgDrxWsMt2pAr23WHp6MrRlN7FBSFpCpr+oVO0F744iUgR82nJMfG2SA==}
    dev: true

  /get-tsconfig@4.7.3:
    resolution: {integrity: sha512-ZvkrzoUA0PQZM6fy6+/Hce561s+faD1rsNwhnO5FelNjyy7EMGJ3Rz1AQ8GYDWjhRs/7dBLOEJvhK8MiEJOAFg==}
    dependencies:
      resolve-pkg-maps: 1.0.0
    dev: true

  /glob@8.1.0:
    resolution: {integrity: sha512-r8hpEjiQEYlF2QU0df3dS+nxxSIreXQS1qRhMJM0Q5NDdR386C7jb7Hwwod8Fgiuex+k0GFjgft18yvxm5XoCQ==}
    engines: {node: '>=12'}
    dependencies:
      fs.realpath: 1.0.0
      inflight: 1.0.6
      inherits: 2.0.4
      minimatch: 5.1.6
      once: 1.4.0
    dev: true

  /graceful-fs@4.2.11:
    resolution: {integrity: sha512-RbJ5/jmFcNNCcDV5o9eTnBLJ/HszWV0P73bc+Ff4nS/rJj+YaS6IGyiOL0VoBYX+l1Wrl3k63h/KrH+nhJ0XvQ==}
    dev: true

  /has-flag@3.0.0:
    resolution: {integrity: sha512-sKJf1+ceQBr4SMkvQnBDNDtf4TXpVhVGateu0t918bl30FnbE2m4vNLX+VWe/dpjlb+HugGYzW7uQXH98HPEYw==}
    engines: {node: '>=4'}
    requiresBuild: true
    dev: true

  /has-flag@4.0.0:
    resolution: {integrity: sha512-EykJT/Q1KjTWctppgIAgfSO0tKVuZUjhgMr17kqTumMl6Afv3EISleU7qZUzoXDFTAHTDC4NOoG/ZxU3EvlMPQ==}
    engines: {node: '>=8'}
    dev: true

  /hasown@2.0.2:
    resolution: {integrity: sha512-0hJU9SCPvmMzIBdZFqNPXWa6dqh7WdH0cII9y+CyS8rG3nL48Bclra9HmKhVVUHyPWNH5Y7xDwAB7bfgSjkUMQ==}
    engines: {node: '>= 0.4'}
    dependencies:
      function-bind: 1.1.2
    dev: true

  /inflight@1.0.6:
    resolution: {integrity: sha512-k92I/b08q4wvFscXCLvqfsHCrjrF7yiXsQuIVvVE7N82W3+aqpzuUdBbfhWcy/FZR3/4IgflMgKLOsvPDrGCJA==}
    dependencies:
      once: 1.4.0
      wrappy: 1.0.2
    dev: true

  /inherits@2.0.4:
    resolution: {integrity: sha512-k/vGaX4/Yla3WzyMCvTQOXYeIHvqOKtnqBduzTHpzpQZzAskKMhZ2K+EnBiSM9zGSoIFeMpXKxa4dYeZIQqewQ==}
    dev: true

  /is-builtin-module@3.2.1:
    resolution: {integrity: sha512-BSLE3HnV2syZ0FK0iMA/yUGplUeMmNz4AW5fnTunbCIqZi4vG3WjJT9FHMy5D69xmAYBHXQhJdALdpwVxV501A==}
    engines: {node: '>=6'}
    dependencies:
      builtin-modules: 3.3.0
    dev: true

  /is-core-module@2.13.1:
    resolution: {integrity: sha512-hHrIjvZsftOsvKSn2TRYl63zvxsgE0K+0mYMoH6gD4omR5IWB2KynivBQczo3+wF1cCkjzvptnI9Q0sPU66ilw==}
    dependencies:
      hasown: 2.0.2
    dev: true

  /is-module@1.0.0:
    resolution: {integrity: sha512-51ypPSPCoTEIN9dy5Oy+h4pShgJmPCygKfyRCISBI+JoWT/2oJvK8QPxmwv7b/p239jXrm9M1mlQbyKJ5A152g==}
    dev: true

  /is-number@7.0.0:
    resolution: {integrity: sha512-41Cifkg6e8TylSpdtTpeLVMqvSBEVzTttHvERD741+pnZ8ANv0004MRL43QKPDlK9cGvNp6NZWZUBlbGXYxxng==}
    engines: {node: '>=0.12.0'}
    dev: true

  /is-reference@1.2.1:
    resolution: {integrity: sha512-U82MsXXiFIrjCK4otLT+o2NA2Cd2g5MLoOVXUZjIOhLurrRxpEXzI8O0KZHr3IjLvlAH1kTPYSuqer5T9ZVBKQ==}
    dependencies:
      '@types/estree': 1.0.5
    dev: true

  /jest-diff@29.7.0:
    resolution: {integrity: sha512-LMIgiIrhigmPrs03JHpxUh2yISK3vLFPkAodPeo0+BuF7wA2FoQbkEg1u8gBYBThncu7e1oEDUfIXVuTqLRUjw==}
    engines: {node: ^14.15.0 || ^16.10.0 || >=18.0.0}
    dependencies:
      chalk: 4.1.2
      diff-sequences: 29.6.3
      jest-get-type: 29.6.3
      pretty-format: 29.7.0
    dev: true

  /jest-get-type@29.6.3:
    resolution: {integrity: sha512-zrteXnqYxfQh7l5FHyL38jL39di8H8rHoecLH3JNxH3BwOrBsNeabdap5e0I23lD4HHI8W5VFBZqG4Eaq5LNcw==}
    engines: {node: ^14.15.0 || ^16.10.0 || >=18.0.0}
    dev: true

  /jest-matcher-utils@29.7.0:
    resolution: {integrity: sha512-sBkD+Xi9DtcChsI3L3u0+N0opgPYnCRPtGcQYrgXmR+hmt/fYfWAL0xRXYU8eWOdfuLgBe0YCW3AFtnRLagq/g==}
    engines: {node: ^14.15.0 || ^16.10.0 || >=18.0.0}
    dependencies:
      chalk: 4.1.2
      jest-diff: 29.7.0
      jest-get-type: 29.6.3
      pretty-format: 29.7.0
    dev: true

  /jest-message-util@29.7.0:
    resolution: {integrity: sha512-GBEV4GRADeP+qtB2+6u61stea8mGcOT4mCtrYISZwfu9/ISHFJ/5zOMXYbpBE9RsS5+Gb63DW4FgmnKJ79Kf6w==}
    engines: {node: ^14.15.0 || ^16.10.0 || >=18.0.0}
    dependencies:
      '@babel/code-frame': 7.24.2
      '@jest/types': 29.6.3
      '@types/stack-utils': 2.0.3
      chalk: 4.1.2
      graceful-fs: 4.2.11
      micromatch: 4.0.5
      pretty-format: 29.7.0
      slash: 3.0.0
      stack-utils: 2.0.6
    dev: true

  /jest-util@29.7.0:
    resolution: {integrity: sha512-z6EbKajIpqGKU56y5KBUgy1dt1ihhQJgWzUlZHArA/+X2ad7Cb5iF+AK1EWVL/Bo7Rz9uurpqw6SiBCefUbCGA==}
    engines: {node: ^14.15.0 || ^16.10.0 || >=18.0.0}
    dependencies:
      '@jest/types': 29.6.3
      '@types/node': 20.12.7
      chalk: 4.1.2
      ci-info: 3.9.0
      graceful-fs: 4.2.11
      picomatch: 2.3.1
    dev: true

  /js-tokens@4.0.0:
    resolution: {integrity: sha512-RdJUflcE3cUzKiMqQgsCu06FPu9UdIJO0beYbPhHN4k6apgJtifcoCtT9bcxOpYBtpD2kCM6Sbzg4CausW/PKQ==}
    requiresBuild: true
    dev: true

  /jsonc-parser@3.2.1:
    resolution: {integrity: sha512-AilxAyFOAcK5wA1+LeaySVBrHsGQvUFCDWXKpZjzaL0PqW+xfBOttn8GNtWKFWqneyMZj41MWF9Kl6iPWLwgOA==}
    dev: true

  /magic-string@0.30.9:
    resolution: {integrity: sha512-S1+hd+dIrC8EZqKyT9DstTH/0Z+f76kmmvZnkfQVmOpDEF9iVgdYif3Q/pIWHmCoo59bQVGW0kVL3e2nl+9+Sw==}
    engines: {node: '>=12'}
    dependencies:
      '@jridgewell/sourcemap-codec': 1.4.15
    dev: true

  /micromatch@4.0.5:
    resolution: {integrity: sha512-DMy+ERcEW2q8Z2Po+WNXuw3c5YaUSFjAO5GsJqfEl7UjvtIuFKO6ZrKvcItdy98dwFI2N1tg3zNIdKaQT+aNdA==}
    engines: {node: '>=8.6'}
    dependencies:
      braces: 3.0.2
      picomatch: 2.3.1
    dev: true

  /minimatch@5.1.6:
    resolution: {integrity: sha512-lKwV/1brpG6mBUFHtb7NUmtABCb2WZZmm2wNiOA5hAb8VdCS4B3dtMWyvcoViccwAW/COERjXLt0zP1zXUN26g==}
    engines: {node: '>=10'}
    dependencies:
      brace-expansion: 2.0.1
    dev: true

  /once@1.4.0:
    resolution: {integrity: sha512-lNaJgI+2Q5URQBkccEKHTQOPaXdUxnZZElQTZY0MFUAuaEqe1E+Nyvgdz/aIyNi6Z9MzO5dv1H8n58/GELp3+w==}
    dependencies:
      wrappy: 1.0.2
    dev: true

  /path-parse@1.0.7:
    resolution: {integrity: sha512-LDJzPVEEEPR+y48z93A0Ed0yXb8pAByGWo/k5YYdYgpY2/2EsOsksJrq7lOHxryrVOn1ejG6oAp8ahvOIQD8sw==}
    dev: true

  /picocolors@1.0.0:
    resolution: {integrity: sha512-1fygroTLlHu66zi26VoTDv8yRgm0Fccecssto+MhsZ0D/DGW2sm8E8AjW7NU5VVTRt5GxbeZ5qBuJr+HyLYkjQ==}
    requiresBuild: true
    dev: true

  /picomatch@2.3.1:
    resolution: {integrity: sha512-JU3teHTNjmE2VCGFzuY8EXzCDVwEqB2a8fsIvwaStHhAWJEeVd1o1QD80CU6+ZdEXXSLbSsuLwJjkCBWqRQUVA==}
    engines: {node: '>=8.6'}
    dev: true

  /prettier@3.2.5:
    resolution: {integrity: sha512-3/GWa9aOC0YeD7LUfvOG2NiDyhOWRvt1k+rcKhOuYnMY24iiCphgneUfJDyFXd6rZCAnuLBv6UeAULtrhT/F4A==}
    engines: {node: '>=14'}
    hasBin: true
    dev: true

  /pretty-bytes@5.6.0:
    resolution: {integrity: sha512-FFw039TmrBqFK8ma/7OL3sDz/VytdtJr044/QUJtH0wK9lb9jLq9tJyIxUwtQJHwar2BqtiA4iCWSwo9JLkzFg==}
    engines: {node: '>=6'}
    dev: true

  /pretty-format@29.7.0:
    resolution: {integrity: sha512-Pdlw/oPxN+aXdmM9R00JVC9WVFoCLTKJvDVLgmJ+qAffBMxsV85l/Lu7sNx4zSzPyoL2euImuEwHhOXdEgNFZQ==}
    engines: {node: ^14.15.0 || ^16.10.0 || >=18.0.0}
    dependencies:
      '@jest/schemas': 29.6.3
      ansi-styles: 5.2.0
      react-is: 18.2.0
    dev: true

  /react-is@18.2.0:
    resolution: {integrity: sha512-xWGDIW6x921xtzPkhiULtthJHoJvBbF3q26fzloPCK0hsvxtPVelvftw3zjbHWSkR2km9Z+4uxbDDK/6Zw9B8w==}
    dev: true

  /resolve-pkg-maps@1.0.0:
    resolution: {integrity: sha512-seS2Tj26TBVOC2NIc2rOe2y2ZO7efxITtLZcGSOnHHNOQ7CkiUBfw0Iw2ck6xkIhPwLhKNLS8BO+hEpngQlqzw==}
    dev: true

  /resolve@1.22.8:
    resolution: {integrity: sha512-oKWePCxqpd6FlLvGV1VU0x7bkPmmCNolxzjMf4NczoDnQcIWrAF+cPtZn5i6n+RfD2d9i0tzpKnG6Yk168yIyw==}
    hasBin: true
    dependencies:
      is-core-module: 2.13.1
      path-parse: 1.0.7
      supports-preserve-symlinks-flag: 1.0.0
    dev: true

  /rollup-plugin-dts@6.1.0(rollup@4.14.1)(typescript@5.4.4):
    resolution: {integrity: sha512-ijSCPICkRMDKDLBK9torss07+8dl9UpY9z1N/zTeA1cIqdzMlpkV3MOOC7zukyvQfDyxa1s3Dl2+DeiP/G6DOw==}
    engines: {node: '>=16'}
    peerDependencies:
      rollup: ^3.29.4 || ^4
      typescript: ^4.5 || ^5.0
    dependencies:
      magic-string: 0.30.9
      rollup: 4.14.1
      typescript: 5.4.4
    optionalDependencies:
      '@babel/code-frame': 7.24.2
    dev: true

  /rollup-plugin-swc3@0.11.0(@swc/core@1.4.13)(rollup@4.14.1):
    resolution: {integrity: sha512-luB9Ngb1YieWPpJttKvkmjN3lG5l28SmASLbf2CoScUB2+EImU0bE8wX4EYKEqv5clVulhWRQHQvE+H33X/03g==}
    engines: {node: '>=12'}
    peerDependencies:
      '@swc/core': '>=1.2.165'
      rollup: ^2.0.0 || ^3.0.0 || ^4.0.0
    dependencies:
      '@fastify/deepmerge': 1.3.0
      '@rollup/pluginutils': 5.1.0(rollup@4.14.1)
      '@swc/core': 1.4.13(@swc/helpers@0.5.8)
      get-tsconfig: 4.7.3
      rollup: 4.14.1
      rollup-preserve-directives: 1.1.1(rollup@4.14.1)
    dev: true

  /rollup-preserve-directives@1.1.1(rollup@4.14.1):
    resolution: {integrity: sha512-+eQafbuEfDPfxQ9hQPlwaROfin4yiVRxap8hnrvvvcSGoukv1tTiYpAW9mvm3uR8J+fe4xd8FdVd5rz9q7jZ+Q==}
    peerDependencies:
      rollup: ^2.0.0 || ^3.0.0 || ^4.0.0
    dependencies:
      magic-string: 0.30.9
      rollup: 4.14.1
    dev: true

  /rollup@4.14.1:
    resolution: {integrity: sha512-4LnHSdd3QK2pa1J6dFbfm1HN0D7vSK/ZuZTsdyUAlA6Rr1yTouUTL13HaDOGJVgby461AhrNGBS7sCGXXtT+SA==}
    engines: {node: '>=18.0.0', npm: '>=8.0.0'}
    hasBin: true
    dependencies:
      '@types/estree': 1.0.5
    optionalDependencies:
      '@rollup/rollup-android-arm-eabi': 4.14.1
      '@rollup/rollup-android-arm64': 4.14.1
      '@rollup/rollup-darwin-arm64': 4.14.1
      '@rollup/rollup-darwin-x64': 4.14.1
      '@rollup/rollup-linux-arm-gnueabihf': 4.14.1
      '@rollup/rollup-linux-arm64-gnu': 4.14.1
      '@rollup/rollup-linux-arm64-musl': 4.14.1
      '@rollup/rollup-linux-powerpc64le-gnu': 4.14.1
      '@rollup/rollup-linux-riscv64-gnu': 4.14.1
      '@rollup/rollup-linux-s390x-gnu': 4.14.1
      '@rollup/rollup-linux-x64-gnu': 4.14.1
      '@rollup/rollup-linux-x64-musl': 4.14.1
      '@rollup/rollup-win32-arm64-msvc': 4.14.1
      '@rollup/rollup-win32-ia32-msvc': 4.14.1
      '@rollup/rollup-win32-x64-msvc': 4.14.1
      fsevents: 2.3.3
    dev: true

  /slash@3.0.0:
    resolution: {integrity: sha512-g9Q1haeby36OSStwb4ntCGGGaKsaVSjQ68fBxoQcutl5fS1vuY18H3wSt3jFyFtrkx+Kz0V1G85A4MyAdDMi2Q==}
    engines: {node: '>=8'}
    dev: true

  /source-map@0.6.1:
    resolution: {integrity: sha512-UjgapumWlbMhkBgzT7Ykc5YXUT46F0iKu8SGXq0bcwP5dz/h0Plj6enJqjz1Zbq2l5WaqYnrVbwWOWMyF3F47g==}
    engines: {node: '>=0.10.0'}
    dev: true

  /stack-utils@2.0.6:
    resolution: {integrity: sha512-XlkWvfIm6RmsWtNJx+uqtKLS8eqFbxUg0ZzLXqY0caEy9l7hruX8IpiDnjsLavoBgqCCR71TqWO8MaXYheJ3RQ==}
    engines: {node: '>=10'}
    dependencies:
      escape-string-regexp: 2.0.0
    dev: true

  /supports-color@5.5.0:
    resolution: {integrity: sha512-QjVjwdXIt408MIiAqCX4oUKsgU2EqAGzs2Ppkm4aQYbjm+ZEWEcW4SfFNTr4uMNZma0ey4f5lgLrkB0aX0QMow==}
    engines: {node: '>=4'}
    requiresBuild: true
    dependencies:
      has-flag: 3.0.0
    dev: true

  /supports-color@7.2.0:
    resolution: {integrity: sha512-qpCAvRl9stuOHveKsn7HncJRvv501qIacKzQlO/+Lwxc9+0q2wLyv4Dfvt80/DPn2pqOBsJdDiogXGR9+OvwRw==}
    engines: {node: '>=8'}
    dependencies:
      has-flag: 4.0.0
    dev: true

  /supports-preserve-symlinks-flag@1.0.0:
    resolution: {integrity: sha512-ot0WnXS9fgdkgIcePe6RHNk1WA8+muPa6cSjeR3V8K27q9BB1rTE3R1p7Hv0z1ZyAc8s6Vvv8DIyWf681MAt0w==}
    engines: {node: '>= 0.4'}
    dev: true

  /to-regex-range@5.0.1:
    resolution: {integrity: sha512-65P7iz6X5yEr1cwcgvQxbbIw7Uk3gOy5dIdtZ4rDveLqhrdJP+Li/Hx6tyK0NEb+2GCyneCMJiGqrADCSNk8sQ==}
    engines: {node: '>=8.0'}
    dependencies:
      is-number: 7.0.0
    dev: true

  /tslib@2.6.2:
    resolution: {integrity: sha512-AEYxH93jGFPn/a2iVAwW87VuUIkR1FVUKB77NwMF7nBTDkDrrT/Hpt/IrCJ0QXhW27jTBDcf5ZY7w6RiqTMw2Q==}
    dev: true

  /typescript@5.4.4:
    resolution: {integrity: sha512-dGE2Vv8cpVvw28v8HCPqyb08EzbBURxDpuhJvTrusShUfGnhHBafDsLdS1EhhxyL6BJQE+2cT3dDPAv+MQ6oLw==}
    engines: {node: '>=14.17'}
    hasBin: true
    dev: true

  /undici-types@5.26.5:
    resolution: {integrity: sha512-JlCMO+ehdEIKqlFxk6IfVoAUVmgz7cU7zD/h9XZ0qzeosSHmUJVOzSQvvYSYWXkFXC+IfLKSIffhv0sVZup6pA==}
    dev: true

  /wrappy@1.0.2:
    resolution: {integrity: sha512-l4Sp/DRseor9wL6EvV2+TuQn63dMkPjZ/sp9XkghTEbV9KlPS1xUsZ3u7/IQO4wxtcFB4bgpQPRcR3QCvezPcQ==}
    dev: true
